
Microsoft Visual Studio Solution File, Format Version 12.00
Project("{FAE04EC0-301F-11D3-BF4B-00C04F79EFBC}") = "API", "API\API.csproj", "{E25884CD-AB5C-4187-AC94-9B7E812BFBBB}"
EndProject
Project("{FAE04EC0-301F-11D3-BF4B-00C04F79EFBC}") = "CameraTrigger", "CameraTrigger\CameraTrigger.csproj", "{AB466645-DF2F-4F77-A2E7-6313E4855FB7}"
EndProject
Project("{FAE04EC0-301F-11D3-BF4B-00C04F79EFBC}") = "Tests", "Tests\Tests.csproj", "{BCBA91A5-3569-4653-84BB-6BFB27B3EF76}"
EndProject
Project("{FAE04EC0-301F-11D3-BF4B-00C04F79EFBC}") = "FlashTrigger", "FlashTrigger\FlashTrigger.csproj", "{1E9B2C8C-7852-41F5-9D5A-6D52A0A67EFC}"
EndProject
Project("{FAE04EC0-301F-11D3-BF4B-00C04F79EFBC}") = "ImpulseReader", "ImpulseReader\ImpulseReader.csproj", "{EDB1F3C4-E218-4A66-BE43-96AE05E0A3FC}"
EndProject
Project("{FAE04EC0-301F-11D3-BF4B-00C04F79EFBC}") = "PhotographyOfMovingObjects", "PhotographyOfMovingObjects\PhotographyOfMovingObjects.csproj", "{46676706-9DC7-4DD4-B1B5-6D887685C5F5}"
EndProject
Project("{2150E333-8FDC-42A3-9474-1A3956D46DE8}") = "Solution Items", "Solution Items", "{4604D0F2-AF17-4611-9915-0D1904272E61}"
	ProjectSection(SolutionItems) = preProject
		compose.yaml = compose.yaml
	EndProjectSection
EndProject
Global
	GlobalSection(SolutionConfigurationPlatforms) = preSolution
		Debug|Any CPU = Debug|Any CPU
		Release|Any CPU = Release|Any CPU
	EndGlobalSection
	GlobalSection(ProjectConfigurationPlatforms) = postSolution
		{E25884CD-AB5C-4187-AC94-9B7E812BFBBB}.Debug|Any CPU.ActiveCfg = Debug|Any CPU
		{E25884CD-AB5C-4187-AC94-9B7E812BFBBB}.Debug|Any CPU.Build.0 = Debug|Any CPU
		{E25884CD-AB5C-4187-AC94-9B7E812BFBBB}.Release|Any CPU.ActiveCfg = Release|Any CPU
		{E25884CD-AB5C-4187-AC94-9B7E812BFBBB}.Release|Any CPU.Build.0 = Release|Any CPU
		{AB466645-DF2F-4F77-A2E7-6313E4855FB7}.Debug|Any CPU.ActiveCfg = Debug|Any CPU
		{AB466645-DF2F-4F77-A2E7-6313E4855FB7}.Debug|Any CPU.Build.0 = Debug|Any CPU
		{AB466645-DF2F-4F77-A2E7-6313E4855FB7}.Release|Any CPU.ActiveCfg = Release|Any CPU
		{AB466645-DF2F-4F77-A2E7-6313E4855FB7}.Release|Any CPU.Build.0 = Release|Any CPU
		{BCBA91A5-3569-4653-84BB-6BFB27B3EF76}.Debug|Any CPU.ActiveCfg = Debug|Any CPU
		{BCBA91A5-3569-4653-84BB-6BFB27B3EF76}.Debug|Any CPU.Build.0 = Debug|Any CPU
		{BCBA91A5-3569-4653-84BB-6BFB27B3EF76}.Release|Any CPU.ActiveCfg = Release|Any CPU
		{BCBA91A5-3569-4653-84BB-6BFB27B3EF76}.Release|Any CPU.Build.0 = Release|Any CPU
		{1E9B2C8C-7852-41F5-9D5A-6D52A0A67EFC}.Debug|Any CPU.ActiveCfg = Debug|Any CPU
		{1E9B2C8C-7852-41F5-9D5A-6D52A0A67EFC}.Debug|Any CPU.Build.0 = Debug|Any CPU
		{1E9B2C8C-7852-41F5-9D5A-6D52A0A67EFC}.Release|Any CPU.ActiveCfg = Release|Any CPU
		{1E9B2C8C-7852-41F5-9D5A-6D52A0A67EFC}.Release|Any CPU.Build.0 = Release|Any CPU
		{EDB1F3C4-E218-4A66-BE43-96AE05E0A3FC}.Debug|Any CPU.ActiveCfg = Debug|Any CPU
		{EDB1F3C4-E218-4A66-BE43-96AE05E0A3FC}.Debug|Any CPU.Build.0 = Debug|Any CPU
		{EDB1F3C4-E218-4A66-BE43-96AE05E0A3FC}.Release|Any CPU.ActiveCfg = Release|Any CPU
		{EDB1F3C4-E218-4A66-BE43-96AE05E0A3FC}.Release|Any CPU.Build.0 = Release|Any CPU
		{46676706-9DC7-4DD4-B1B5-6D887685C5F5}.Debug|Any CPU.ActiveCfg = Debug|Any CPU
		{46676706-9DC7-4DD4-B1B5-6D887685C5F5}.Debug|Any CPU.Build.0 = Debug|Any CPU
		{46676706-9DC7-4DD4-B1B5-6D887685C5F5}.Release|Any CPU.ActiveCfg = Release|Any CPU
		{46676706-9DC7-4DD4-B1B5-6D887685C5F5}.Release|Any CPU.Build.0 = Release|Any CPU
	EndGlobalSection
EndGlobal
